
Microsoft Visual Studio Solution File, Format Version 12.00
# Visual Studio Version 17
VisualStudioVersion = 17.2.32616.157
MinimumVisualStudioVersion = 10.0.40219.1
Project("{FAE04EC0-301F-11D3-BF4B-00C04F79EFBC}") = "Consumer", "Consumer\Consumer.csproj", "{762887B4-8017-40F2-BC5F-EA62F6397EEA}"
EndProject
Global
	GlobalSection(SolutionConfigurationPlatforms) = preSolution
		Debug|Any CPU = Debug|Any CPU
		Release|Any CPU = Release|Any CPU
	EndGlobalSection
	GlobalSection(ProjectConfigurationPlatforms) = postSolution
		{762887B4-8017-40F2-BC5F-EA62F6397EEA}.Debug|Any CPU.ActiveCfg = Debug|Any CPU
		{762887B4-8017-40F2-BC5F-EA62F6397EEA}.Debug|Any CPU.Build.0 = Debug|Any CPU
		{762887B4-8017-40F2-BC5F-EA62F6397EEA}.Release|Any CPU.ActiveCfg = Release|Any CPU
		{762887B4-8017-40F2-BC5F-EA62F6397EEA}.Release|Any CPU.Build.0 = Release|Any CPU
	EndGlobalSection
	GlobalSection(SolutionProperties) = preSolution
		HideSolutionNode = FALSE
	EndGlobalSection
	GlobalSection(ExtensibilityGlobals) = postSolution
		SolutionGuid = {1D4F0A63-CD35-4F39-B1ED-B077BA5259B5}
	EndGlobalSection
EndGlobal
