
Microsoft Visual Studio Solution File, Format Version 12.00
# Visual Studio Version 17
VisualStudioVersion = 17.2.32616.157
MinimumVisualStudioVersion = 10.0.40219.1
Project("{FAE04EC0-301F-11D3-BF4B-00C04F79EFBC}") = "ProducerLib", "ProducerLib\ProducerLib.csproj", "{00F76887-EFDE-4015-A9FD-BB2DA688B3A1}"
EndProject
Global
	GlobalSection(SolutionConfigurationPlatforms) = preSolution
		Debug|Any CPU = Debug|Any CPU
		Release|Any CPU = Release|Any CPU
	EndGlobalSection
	GlobalSection(ProjectConfigurationPlatforms) = postSolution
		{00F76887-EFDE-4015-A9FD-BB2DA688B3A1}.Debug|Any CPU.ActiveCfg = Debug|Any CPU
		{00F76887-EFDE-4015-A9FD-BB2DA688B3A1}.Debug|Any CPU.Build.0 = Debug|Any CPU
		{00F76887-EFDE-4015-A9FD-BB2DA688B3A1}.Release|Any CPU.ActiveCfg = Release|Any CPU
		{00F76887-EFDE-4015-A9FD-BB2DA688B3A1}.Release|Any CPU.Build.0 = Release|Any CPU
	EndGlobalSection
	GlobalSection(SolutionProperties) = preSolution
		HideSolutionNode = FALSE
	EndGlobalSection
	GlobalSection(ExtensibilityGlobals) = postSolution
		SolutionGuid = {9D7B453A-CD13-4619-8174-230ED87CB235}
	EndGlobalSection
EndGlobal
